
Microsoft Visual Studio Solution File, Format Version 12.00
# Visual Studio 15
VisualStudioVersion = 15.0.28010.2050
MinimumVisualStudioVersion = 10.0.40219.1
Project("{FAE04EC0-301F-11D3-BF4B-00C04F79EFBC}") = "FaceDetection", "FaceDetection\FaceDetection.csproj", "{D9B1C255-F04A-4A64-873E-2A8A6A68AD32}"
EndProject
Project("{FAE04EC0-301F-11D3-BF4B-00C04F79EFBC}") = "VoiceDetection", "VoiceDetection\VoiceDetection.csproj", "{51A15DD2-B1ED-413C-B6F0-FA6FAFADE6FA}"
EndProject
Project("{9A19103F-16F7-4668-BE54-9A1E7A4F7556}") = "CognitiveServicesCore", "CognitiveServicesCore\CognitiveServicesCore.csproj", "{9CE639ED-2852-4DBD-9C50-0D9B80917A4C}"
EndProject
Project("{9A19103F-16F7-4668-BE54-9A1E7A4F7556}") = "CognitiveServicesConsole", "CognitiveServicesConsole\CognitiveServicesConsole.csproj", "{919C7FF9-34B9-4D34-AA14-53598BD3E59B}"
EndProject
Project("{9A19103F-16F7-4668-BE54-9A1E7A4F7556}") = "CognitiveServicesApi", "CognitiveServicesApi\CognitiveServicesApi.csproj", "{57749931-C547-4338-A5F4-4B390DCF07B2}"
EndProject
Project("{FAE04EC0-301F-11D3-BF4B-00C04F79EFBC}") = "EmotionAnalysis", "EmotionAnalysis\EmotionAnalysis.csproj", "{CD3CEBEC-50F8-4A1D-8CAA-0A05D5B2A243}"
EndProject
Global
	GlobalSection(SolutionConfigurationPlatforms) = preSolution
		Debug|Any CPU = Debug|Any CPU
		Release|Any CPU = Release|Any CPU
	EndGlobalSection
	GlobalSection(ProjectConfigurationPlatforms) = postSolution
		{D9B1C255-F04A-4A64-873E-2A8A6A68AD32}.Debug|Any CPU.ActiveCfg = Debug|Any CPU
		{D9B1C255-F04A-4A64-873E-2A8A6A68AD32}.Debug|Any CPU.Build.0 = Debug|Any CPU
		{D9B1C255-F04A-4A64-873E-2A8A6A68AD32}.Release|Any CPU.ActiveCfg = Release|Any CPU
		{D9B1C255-F04A-4A64-873E-2A8A6A68AD32}.Release|Any CPU.Build.0 = Release|Any CPU
		{51A15DD2-B1ED-413C-B6F0-FA6FAFADE6FA}.Debug|Any CPU.ActiveCfg = Debug|Any CPU
		{51A15DD2-B1ED-413C-B6F0-FA6FAFADE6FA}.Debug|Any CPU.Build.0 = Debug|Any CPU
		{51A15DD2-B1ED-413C-B6F0-FA6FAFADE6FA}.Release|Any CPU.ActiveCfg = Release|Any CPU
		{51A15DD2-B1ED-413C-B6F0-FA6FAFADE6FA}.Release|Any CPU.Build.0 = Release|Any CPU
		{9CE639ED-2852-4DBD-9C50-0D9B80917A4C}.Debug|Any CPU.ActiveCfg = Debug|Any CPU
		{9CE639ED-2852-4DBD-9C50-0D9B80917A4C}.Debug|Any CPU.Build.0 = Debug|Any CPU
		{9CE639ED-2852-4DBD-9C50-0D9B80917A4C}.Release|Any CPU.ActiveCfg = Release|Any CPU
		{9CE639ED-2852-4DBD-9C50-0D9B80917A4C}.Release|Any CPU.Build.0 = Release|Any CPU
		{919C7FF9-34B9-4D34-AA14-53598BD3E59B}.Debug|Any CPU.ActiveCfg = Debug|Any CPU
		{919C7FF9-34B9-4D34-AA14-53598BD3E59B}.Debug|Any CPU.Build.0 = Debug|Any CPU
		{919C7FF9-34B9-4D34-AA14-53598BD3E59B}.Release|Any CPU.ActiveCfg = Release|Any CPU
		{919C7FF9-34B9-4D34-AA14-53598BD3E59B}.Release|Any CPU.Build.0 = Release|Any CPU
		{57749931-C547-4338-A5F4-4B390DCF07B2}.Debug|Any CPU.ActiveCfg = Debug|Any CPU
		{57749931-C547-4338-A5F4-4B390DCF07B2}.Debug|Any CPU.Build.0 = Debug|Any CPU
		{57749931-C547-4338-A5F4-4B390DCF07B2}.Release|Any CPU.ActiveCfg = Release|Any CPU
		{57749931-C547-4338-A5F4-4B390DCF07B2}.Release|Any CPU.Build.0 = Release|Any CPU
		{CD3CEBEC-50F8-4A1D-8CAA-0A05D5B2A243}.Debug|Any CPU.ActiveCfg = Debug|Any CPU
		{CD3CEBEC-50F8-4A1D-8CAA-0A05D5B2A243}.Debug|Any CPU.Build.0 = Debug|Any CPU
		{CD3CEBEC-50F8-4A1D-8CAA-0A05D5B2A243}.Release|Any CPU.ActiveCfg = Release|Any CPU
		{CD3CEBEC-50F8-4A1D-8CAA-0A05D5B2A243}.Release|Any CPU.Build.0 = Release|Any CPU
	EndGlobalSection
	GlobalSection(SolutionProperties) = preSolution
		HideSolutionNode = FALSE
	EndGlobalSection
	GlobalSection(ExtensibilityGlobals) = postSolution
		SolutionGuid = {1A240ADE-2976-445B-A5F0-632C7A6A797A}
	EndGlobalSection
EndGlobal
